
Microsoft Visual Studio Solution File, Format Version 12.00
# Visual Studio Version 17
VisualStudioVersion = 17.12.35527.113 d17.12
MinimumVisualStudioVersion = 10.0.40219.1
Project("{2150E333-8FDC-42A3-9474-1A3956D46DE8}") = "Task0", "Task0", "{600E290C-328A-43D4-B48F-95599E558834}"
EndProject
Project("{FAE04EC0-301F-11D3-BF4B-00C04F79EFBC}") = "Tyuiu.ZainetdinovRA.Sprint5.Task0.V12", "Tyuiu.ZainetdinovRA.Sprint5.Task0.V12\Tyuiu.ZainetdinovRA.Sprint5.Task0.V12.csproj", "{5970D623-0277-4436-96B0-19C3D78C6718}"
EndProject
Project("{FAE04EC0-301F-11D3-BF4B-00C04F79EFBC}") = "Tyuiu.ZainetdinovRA.Sprint5.Task0.V12.Lib", "Tyuiu.ZainetdinovRA.Sprint5.Task0.V12.Lib\Tyuiu.ZainetdinovRA.Sprint5.Task0.V12.Lib.csproj", "{F0C45A73-1DCD-4FD0-8BAC-1D699012792B}"
EndProject
Project("{FAE04EC0-301F-11D3-BF4B-00C04F79EFBC}") = "Tyuiu.ZainetdinovRA.Sprint5.Task0.V12.Test", "Tyuiu.ZainetdinovRA.Sprint5.Task0.V12.Test\Tyuiu.ZainetdinovRA.Sprint5.Task0.V12.Test.csproj", "{34DE349E-AA24-4384-8968-3A53F1F1D7E8}"
EndProject
Project("{2150E333-8FDC-42A3-9474-1A3956D46DE8}") = "Task1", "Task1", "{AC7412AC-AE63-43C5-AB18-5327819F75CC}"
EndProject
Project("{FAE04EC0-301F-11D3-BF4B-00C04F79EFBC}") = "Tyuiu.ZainetdinovRA.Sprint5.Task1.V30", "Tyuiu.ZainetdinovRA.Sprint5.Task1.V30\Tyuiu.ZainetdinovRA.Sprint5.Task1.V30.csproj", "{D3E6515C-C7A3-4F62-BBDE-F4548BB54DE4}"
EndProject
Project("{FAE04EC0-301F-11D3-BF4B-00C04F79EFBC}") = "Tyuiu.ZainetdinovRA.Sprint5.Task1.V30.Lib", "Tyuiu.ZainetdinovRA.Sprint5.Task1.V30.Lib\Tyuiu.ZainetdinovRA.Sprint5.Task1.V30.Lib.csproj", "{C0D78A56-4CFA-4E39-A523-80D2D365BC75}"
EndProject
Project("{FAE04EC0-301F-11D3-BF4B-00C04F79EFBC}") = "Tyuiu.ZainetdinovRA.Sprint5.Task1.V30.Test", "Tyuiu.ZainetdinovRA.Sprint5.Task1.V30.Test\Tyuiu.ZainetdinovRA.Sprint5.Task1.V30.Test.csproj", "{2816470A-CF56-4044-85AA-DBACFB8A5A7E}"
EndProject
Project("{2150E333-8FDC-42A3-9474-1A3956D46DE8}") = "Task2", "Task2", "{A705704F-327B-4545-B3BD-A96AF76B9440}"
EndProject
Project("{FAE04EC0-301F-11D3-BF4B-00C04F79EFBC}") = "Tyuiu.ZainetdinovRA.Sprint5.Task2.V3.Lib", "Tyuiu.ZainetdinovRA.Sprint5.Task2.V3.Lib\Tyuiu.ZainetdinovRA.Sprint5.Task2.V3.Lib.csproj", "{042AD802-72F0-4D81-B61E-96262D43714C}"
EndProject
Project("{FAE04EC0-301F-11D3-BF4B-00C04F79EFBC}") = "Tyuiu.ZainetdinovRA.Sprint5.Task2.V3.Test", "Tyuiu.ZainetdinovRA.Sprint5.Task2.V3.Test\Tyuiu.ZainetdinovRA.Sprint5.Task2.V3.Test.csproj", "{AB811F6C-9188-45E6-A5CC-C200B125F8E1}"
EndProject
Project("{FAE04EC0-301F-11D3-BF4B-00C04F79EFBC}") = "Tyuiu.ZainetdinovRA.Sprint5.Task2.V3", "Tyuiu.ZainetdinovRA.Sprint5.Task2.V3\Tyuiu.ZainetdinovRA.Sprint5.Task2.V3.csproj", "{62872103-8C3D-4519-B4B4-25933D0D029E}"
EndProject
Global
	GlobalSection(SolutionConfigurationPlatforms) = preSolution
		Debug|Any CPU = Debug|Any CPU
		Release|Any CPU = Release|Any CPU
	EndGlobalSection
	GlobalSection(ProjectConfigurationPlatforms) = postSolution
		{5970D623-0277-4436-96B0-19C3D78C6718}.Debug|Any CPU.ActiveCfg = Debug|Any CPU
		{5970D623-0277-4436-96B0-19C3D78C6718}.Debug|Any CPU.Build.0 = Debug|Any CPU
		{5970D623-0277-4436-96B0-19C3D78C6718}.Release|Any CPU.ActiveCfg = Release|Any CPU
		{5970D623-0277-4436-96B0-19C3D78C6718}.Release|Any CPU.Build.0 = Release|Any CPU
		{F0C45A73-1DCD-4FD0-8BAC-1D699012792B}.Debug|Any CPU.ActiveCfg = Debug|Any CPU
		{F0C45A73-1DCD-4FD0-8BAC-1D699012792B}.Debug|Any CPU.Build.0 = Debug|Any CPU
		{F0C45A73-1DCD-4FD0-8BAC-1D699012792B}.Release|Any CPU.ActiveCfg = Release|Any CPU
		{F0C45A73-1DCD-4FD0-8BAC-1D699012792B}.Release|Any CPU.Build.0 = Release|Any CPU
		{34DE349E-AA24-4384-8968-3A53F1F1D7E8}.Debug|Any CPU.ActiveCfg = Debug|Any CPU
		{34DE349E-AA24-4384-8968-3A53F1F1D7E8}.Debug|Any CPU.Build.0 = Debug|Any CPU
		{34DE349E-AA24-4384-8968-3A53F1F1D7E8}.Release|Any CPU.ActiveCfg = Release|Any CPU
		{34DE349E-AA24-4384-8968-3A53F1F1D7E8}.Release|Any CPU.Build.0 = Release|Any CPU
		{D3E6515C-C7A3-4F62-BBDE-F4548BB54DE4}.Debug|Any CPU.ActiveCfg = Debug|Any CPU
		{D3E6515C-C7A3-4F62-BBDE-F4548BB54DE4}.Debug|Any CPU.Build.0 = Debug|Any CPU
		{D3E6515C-C7A3-4F62-BBDE-F4548BB54DE4}.Release|Any CPU.ActiveCfg = Release|Any CPU
		{D3E6515C-C7A3-4F62-BBDE-F4548BB54DE4}.Release|Any CPU.Build.0 = Release|Any CPU
		{C0D78A56-4CFA-4E39-A523-80D2D365BC75}.Debug|Any CPU.ActiveCfg = Debug|Any CPU
		{C0D78A56-4CFA-4E39-A523-80D2D365BC75}.Debug|Any CPU.Build.0 = Debug|Any CPU
		{C0D78A56-4CFA-4E39-A523-80D2D365BC75}.Release|Any CPU.ActiveCfg = Release|Any CPU
		{C0D78A56-4CFA-4E39-A523-80D2D365BC75}.Release|Any CPU.Build.0 = Release|Any CPU
		{2816470A-CF56-4044-85AA-DBACFB8A5A7E}.Debug|Any CPU.ActiveCfg = Debug|Any CPU
		{2816470A-CF56-4044-85AA-DBACFB8A5A7E}.Debug|Any CPU.Build.0 = Debug|Any CPU
		{2816470A-CF56-4044-85AA-DBACFB8A5A7E}.Release|Any CPU.ActiveCfg = Release|Any CPU
		{2816470A-CF56-4044-85AA-DBACFB8A5A7E}.Release|Any CPU.Build.0 = Release|Any CPU
		{042AD802-72F0-4D81-B61E-96262D43714C}.Debug|Any CPU.ActiveCfg = Debug|Any CPU
		{042AD802-72F0-4D81-B61E-96262D43714C}.Debug|Any CPU.Build.0 = Debug|Any CPU
		{042AD802-72F0-4D81-B61E-96262D43714C}.Release|Any CPU.ActiveCfg = Release|Any CPU
		{042AD802-72F0-4D81-B61E-96262D43714C}.Release|Any CPU.Build.0 = Release|Any CPU
		{AB811F6C-9188-45E6-A5CC-C200B125F8E1}.Debug|Any CPU.ActiveCfg = Debug|Any CPU
		{AB811F6C-9188-45E6-A5CC-C200B125F8E1}.Debug|Any CPU.Build.0 = Debug|Any CPU
		{AB811F6C-9188-45E6-A5CC-C200B125F8E1}.Release|Any CPU.ActiveCfg = Release|Any CPU
		{AB811F6C-9188-45E6-A5CC-C200B125F8E1}.Release|Any CPU.Build.0 = Release|Any CPU
		{62872103-8C3D-4519-B4B4-25933D0D029E}.Debug|Any CPU.ActiveCfg = Debug|Any CPU
		{62872103-8C3D-4519-B4B4-25933D0D029E}.Debug|Any CPU.Build.0 = Debug|Any CPU
		{62872103-8C3D-4519-B4B4-25933D0D029E}.Release|Any CPU.ActiveCfg = Release|Any CPU
		{62872103-8C3D-4519-B4B4-25933D0D029E}.Release|Any CPU.Build.0 = Release|Any CPU
	EndGlobalSection
	GlobalSection(SolutionProperties) = preSolution
		HideSolutionNode = FALSE
	EndGlobalSection
	GlobalSection(NestedProjects) = preSolution
		{5970D623-0277-4436-96B0-19C3D78C6718} = {600E290C-328A-43D4-B48F-95599E558834}
		{F0C45A73-1DCD-4FD0-8BAC-1D699012792B} = {600E290C-328A-43D4-B48F-95599E558834}
		{34DE349E-AA24-4384-8968-3A53F1F1D7E8} = {600E290C-328A-43D4-B48F-95599E558834}
		{D3E6515C-C7A3-4F62-BBDE-F4548BB54DE4} = {AC7412AC-AE63-43C5-AB18-5327819F75CC}
		{C0D78A56-4CFA-4E39-A523-80D2D365BC75} = {AC7412AC-AE63-43C5-AB18-5327819F75CC}
		{2816470A-CF56-4044-85AA-DBACFB8A5A7E} = {AC7412AC-AE63-43C5-AB18-5327819F75CC}
		{042AD802-72F0-4D81-B61E-96262D43714C} = {A705704F-327B-4545-B3BD-A96AF76B9440}
		{AB811F6C-9188-45E6-A5CC-C200B125F8E1} = {A705704F-327B-4545-B3BD-A96AF76B9440}
		{62872103-8C3D-4519-B4B4-25933D0D029E} = {A705704F-327B-4545-B3BD-A96AF76B9440}
	EndGlobalSection
EndGlobal
